// !$*UTF8*$!
{
	archiveVersion = 1;
	classes = {
	};
	objectVersion = 50;
	objects = {

/* Begin PBXBuildFile section */
		9B0A60CE24B658D000812410 /* UIViewGradientsExtension.swift in Sources */ = {isa = PBXBuildFile; fileRef = 9B0A60CD24B658D000812410 /* UIViewGradientsExtension.swift */; };
		9B0A60D024B6595000812410 /* CALayerGradientsExtension.swift in Sources */ = {isa = PBXBuildFile; fileRef = 9B0A60CF24B6595000812410 /* CALayerGradientsExtension.swift */; };
		9B0A60D224B65A6D00812410 /* CAGradientLayerExtension.swift in Sources */ = {isa = PBXBuildFile; fileRef = 9B0A60D124B65A6D00812410 /* CAGradientLayerExtension.swift */; };
		9B0A60E424B7566000812410 /* SwiftGradientsTests.swift in Sources */ = {isa = PBXBuildFile; fileRef = 9B0A60E324B7566000812410 /* SwiftGradientsTests.swift */; };
		9B0A60E624B7566000812410 /* SwiftGradients.framework in Frameworks */ = {isa = PBXBuildFile; fileRef = 9BFC1182249270E800AECF6C /* SwiftGradients.framework */; platformFilter = ios; };
		9BFC1187249270E800AECF6C /* SwiftGradients.h in Headers */ = {isa = PBXBuildFile; fileRef = 9BFC1185249270E800AECF6C /* SwiftGradients.h */; settings = {ATTRIBUTES = (Public, ); }; };
/* End PBXBuildFile section */

/* Begin PBXContainerItemProxy section */
		9B0A60E724B7566000812410 /* PBXContainerItemProxy */ = {
			isa = PBXContainerItemProxy;
			containerPortal = 9BFC1179249270E800AECF6C /* Project object */;
			proxyType = 1;
			remoteGlobalIDString = 9BFC1181249270E800AECF6C;
			remoteInfo = SwiftGradients;
		};
/* End PBXContainerItemProxy section */

/* Begin PBXFileReference section */
		9B0A60CD24B658D000812410 /* UIViewGradientsExtension.swift */ = {isa = PBXFileReference; fileEncoding = 4; lastKnownFileType = sourcecode.swift; path = UIViewGradientsExtension.swift; sourceTree = "<group>"; };
		9B0A60CF24B6595000812410 /* CALayerGradientsExtension.swift */ = {isa = PBXFileReference; lastKnownFileType = sourcecode.swift; path = CALayerGradientsExtension.swift; sourceTree = "<group>"; };
		9B0A60D124B65A6D00812410 /* CAGradientLayerExtension.swift */ = {isa = PBXFileReference; lastKnownFileType = sourcecode.swift; path = CAGradientLayerExtension.swift; sourceTree = "<group>"; };
		9B0A60E124B7566000812410 /* SwiftGradientsTests.xctest */ = {isa = PBXFileReference; explicitFileType = wrapper.cfbundle; includeInIndex = 0; path = SwiftGradientsTests.xctest; sourceTree = BUILT_PRODUCTS_DIR; };
		9B0A60E324B7566000812410 /* SwiftGradientsTests.swift */ = {isa = PBXFileReference; lastKnownFileType = sourcecode.swift; path = SwiftGradientsTests.swift; sourceTree = "<group>"; };
		9B0A60E524B7566000812410 /* Info.plist */ = {isa = PBXFileReference; lastKnownFileType = text.plist.xml; path = Info.plist; sourceTree = "<group>"; };
		9BFC1182249270E800AECF6C /* SwiftGradients.framework */ = {isa = PBXFileReference; explicitFileType = wrapper.framework; includeInIndex = 0; path = SwiftGradients.framework; sourceTree = BUILT_PRODUCTS_DIR; };
		9BFC1185249270E800AECF6C /* SwiftGradients.h */ = {isa = PBXFileReference; lastKnownFileType = sourcecode.c.h; path = SwiftGradients.h; sourceTree = "<group>"; };
		9BFC1186249270E800AECF6C /* Info.plist */ = {isa = PBXFileReference; lastKnownFileType = text.plist.xml; path = Info.plist; sourceTree = "<group>"; };
		9BFC119F2492902000AECF6C /* README.md */ = {isa = PBXFileReference; fileEncoding = 4; lastKnownFileType = net.daringfireball.markdown; path = README.md; sourceTree = "<group>"; };
		9BFC11A124929F8500AECF6C /* Package.swift */ = {isa = PBXFileReference; lastKnownFileType = sourcecode.swift; path = Package.swift; sourceTree = "<group>"; };
/* End PBXFileReference section */

/* Begin PBXFrameworksBuildPhase section */
		9B0A60DE24B7566000812410 /* Frameworks */ = {
			isa = PBXFrameworksBuildPhase;
			buildActionMask = 2147483647;
			files = (
				9B0A60E624B7566000812410 /* SwiftGradients.framework in Frameworks */,
			);
			runOnlyForDeploymentPostprocessing = 0;
		};
		9BFC117F249270E800AECF6C /* Frameworks */ = {
			isa = PBXFrameworksBuildPhase;
			buildActionMask = 2147483647;
			files = (
			);
			runOnlyForDeploymentPostprocessing = 0;
		};
/* End PBXFrameworksBuildPhase section */

/* Begin PBXGroup section */
		9B0A60E224B7566000812410 /* SwiftGradientsTests */ = {
			isa = PBXGroup;
			children = (
				9B0A60E324B7566000812410 /* SwiftGradientsTests.swift */,
				9B0A60E524B7566000812410 /* Info.plist */,
			);
			path = SwiftGradientsTests;
			sourceTree = "<group>";
		};
		9BFC1178249270E800AECF6C = {
			isa = PBXGroup;
			children = (
				9BFC11A124929F8500AECF6C /* Package.swift */,
				9BFC119F2492902000AECF6C /* README.md */,
				9BFC118E249273CE00AECF6C /* Sources */,
				9BFC1184249270E800AECF6C /* Supporting Files */,
				9B0A60E224B7566000812410 /* SwiftGradientsTests */,
				9BFC1183249270E800AECF6C /* Products */,
			);
			sourceTree = "<group>";
		};
		9BFC1183249270E800AECF6C /* Products */ = {
			isa = PBXGroup;
			children = (
				9BFC1182249270E800AECF6C /* SwiftGradients.framework */,
				9B0A60E124B7566000812410 /* SwiftGradientsTests.xctest */,
			);
			name = Products;
			sourceTree = "<group>";
		};
		9BFC1184249270E800AECF6C /* Supporting Files */ = {
			isa = PBXGroup;
			children = (
				9BFC1185249270E800AECF6C /* SwiftGradients.h */,
				9BFC1186249270E800AECF6C /* Info.plist */,
			);
			path = "Supporting Files";
			sourceTree = "<group>";
		};
		9BFC118E249273CE00AECF6C /* Sources */ = {
			isa = PBXGroup;
			children = (
				9B0A60CD24B658D000812410 /* UIViewGradientsExtension.swift */,
				9B0A60CF24B6595000812410 /* CALayerGradientsExtension.swift */,
				9B0A60D124B65A6D00812410 /* CAGradientLayerExtension.swift */,
			);
			path = Sources;
			sourceTree = "<group>";
		};
/* End PBXGroup section */

/* Begin PBXHeadersBuildPhase section */
		9BFC117D249270E800AECF6C /* Headers */ = {
			isa = PBXHeadersBuildPhase;
			buildActionMask = 2147483647;
			files = (
				9BFC1187249270E800AECF6C /* SwiftGradients.h in Headers */,
			);
			runOnlyForDeploymentPostprocessing = 0;
		};
/* End PBXHeadersBuildPhase section */

/* Begin PBXNativeTarget section */
		9B0A60E024B7566000812410 /* SwiftGradientsTests */ = {
			isa = PBXNativeTarget;
			buildConfigurationList = 9B0A60E924B7566000812410 /* Build configuration list for PBXNativeTarget "SwiftGradientsTests" */;
			buildPhases = (
				9B0A60DD24B7566000812410 /* Sources */,
				9B0A60DE24B7566000812410 /* Frameworks */,
				9B0A60DF24B7566000812410 /* Resources */,
			);
			buildRules = (
			);
			dependencies = (
				9B0A60E824B7566000812410 /* PBXTargetDependency */,
			);
			name = SwiftGradientsTests;
			productName = SwiftGradientsTests;
			productReference = 9B0A60E124B7566000812410 /* SwiftGradientsTests.xctest */;
			productType = "com.apple.product-type.bundle.unit-test";
		};
		9BFC1181249270E800AECF6C /* SwiftGradients */ = {
			isa = PBXNativeTarget;
			buildConfigurationList = 9BFC118A249270E800AECF6C /* Build configuration list for PBXNativeTarget "SwiftGradients" */;
			buildPhases = (
				9BFC117D249270E800AECF6C /* Headers */,
				9BFC117E249270E800AECF6C /* Sources */,
				9BFC117F249270E800AECF6C /* Frameworks */,
				9BFC1180249270E800AECF6C /* Resources */,
			);
			buildRules = (
			);
			dependencies = (
			);
			name = SwiftGradients;
			productName = PagedLists;
			productReference = 9BFC1182249270E800AECF6C /* SwiftGradients.framework */;
			productType = "com.apple.product-type.framework";
		};
/* End PBXNativeTarget section */

/* Begin PBXProject section */
		9BFC1179249270E800AECF6C /* Project object */ = {
			isa = PBXProject;
			attributes = {
				LastSwiftUpdateCheck = 1150;
				LastUpgradeCheck = 1150;
				ORGANIZATIONNAME = Rootstrap;
				TargetAttributes = {
					9B0A60E024B7566000812410 = {
						CreatedOnToolsVersion = 11.5;
					};
					9BFC1181249270E800AECF6C = {
						CreatedOnToolsVersion = 11.5;
					};
				};
			};
			buildConfigurationList = 9BFC117C249270E800AECF6C /* Build configuration list for PBXProject "SwiftGradients" */;
			compatibilityVersion = "Xcode 9.3";
			developmentRegion = en;
			hasScannedForEncodings = 0;
			knownRegions = (
				en,
				Base,
			);
			mainGroup = 9BFC1178249270E800AECF6C;
			productRefGroup = 9BFC1183249270E800AECF6C /* Products */;
			projectDirPath = "";
			projectRoot = "";
			targets = (
				9BFC1181249270E800AECF6C /* SwiftGradients */,
				9B0A60E024B7566000812410 /* SwiftGradientsTests */,
			);
		};
/* End PBXProject section */

/* Begin PBXResourcesBuildPhase section */
		9B0A60DF24B7566000812410 /* Resources */ = {
			isa = PBXResourcesBuildPhase;
			buildActionMask = 2147483647;
			files = (
			);
			runOnlyForDeploymentPostprocessing = 0;
		};
		9BFC1180249270E800AECF6C /* Resources */ = {
			isa = PBXResourcesBuildPhase;
			buildActionMask = 2147483647;
			files = (
			);
			runOnlyForDeploymentPostprocessing = 0;
		};
/* End PBXResourcesBuildPhase section */

/* Begin PBXSourcesBuildPhase section */
		9B0A60DD24B7566000812410 /* Sources */ = {
			isa = PBXSourcesBuildPhase;
			buildActionMask = 2147483647;
			files = (
				9B0A60E424B7566000812410 /* SwiftGradientsTests.swift in Sources */,
			);
			runOnlyForDeploymentPostprocessing = 0;
		};
		9BFC117E249270E800AECF6C /* Sources */ = {
			isa = PBXSourcesBuildPhase;
			buildActionMask = 2147483647;
			files = (
				9B0A60CE24B658D000812410 /* UIViewGradientsExtension.swift in Sources */,
				9B0A60D224B65A6D00812410 /* CAGradientLayerExtension.swift in Sources */,
				9B0A60D024B6595000812410 /* CALayerGradientsExtension.swift in Sources */,
			);
			runOnlyForDeploymentPostprocessing = 0;
		};
/* End PBXSourcesBuildPhase section */

/* Begin PBXTargetDependency section */
		9B0A60E824B7566000812410 /* PBXTargetDependency */ = {
			isa = PBXTargetDependency;
			platformFilter = ios;
			target = 9BFC1181249270E800AECF6C /* SwiftGradients */;
			targetProxy = 9B0A60E724B7566000812410 /* PBXContainerItemProxy */;
		};
/* End PBXTargetDependency section */

/* Begin XCBuildConfiguration section */
		9B0A60EA24B7566000812410 /* Debug */ = {
			isa = XCBuildConfiguration;
			buildSettings = {
				CODE_SIGN_STYLE = Automatic;
				DEVELOPMENT_TEAM = WNU857N39T;
				INFOPLIST_FILE = SwiftGradientsTests/Info.plist;
				IPHONEOS_DEPLOYMENT_TARGET = 13.5;
				LD_RUNPATH_SEARCH_PATHS = (
					"$(inherited)",
					"@executable_path/Frameworks",
					"@loader_path/Frameworks",
				);
				ONLY_ACTIVE_ARCH = YES;
				PRODUCT_BUNDLE_IDENTIFIER = com.rootstrap.SwiftGradientsTests;
				PRODUCT_NAME = "$(TARGET_NAME)";
				SWIFT_VERSION = 5.0;
				TARGETED_DEVICE_FAMILY = "1,2";
			};
			name = Debug;
		};
		9B0A60EB24B7566000812410 /* Release */ = {
			isa = XCBuildConfiguration;
			buildSettings = {
				CODE_SIGN_STYLE = Automatic;
				DEVELOPMENT_TEAM = WNU857N39T;
				INFOPLIST_FILE = SwiftGradientsTests/Info.plist;
				IPHONEOS_DEPLOYMENT_TARGET = 13.5;
				LD_RUNPATH_SEARCH_PATHS = (
					"$(inherited)",
					"@executable_path/Frameworks",
					"@loader_path/Frameworks",
				);
				PRODUCT_BUNDLE_IDENTIFIER = com.rootstrap.SwiftGradientsTests;
				PRODUCT_NAME = "$(TARGET_NAME)";
				SWIFT_VERSION = 5.0;
				TARGETED_DEVICE_FAMILY = "1,2";
			};
			name = Release;
		};
		9BFC1188249270E800AECF6C /* Debug */ = {
			isa = XCBuildConfiguration;
			buildSettings = {
				ALWAYS_SEARCH_USER_PATHS = NO;
				CLANG_ANALYZER_NONNULL = YES;
				CLANG_ANALYZER_NUMBER_OBJECT_CONVERSION = YES_AGGRESSIVE;
				CLANG_CXX_LANGUAGE_STANDARD = "gnu++14";
				CLANG_CXX_LIBRARY = "libc++";
				CLANG_ENABLE_MODULES = YES;
				CLANG_ENABLE_OBJC_ARC = YES;
				CLANG_ENABLE_OBJC_WEAK = YES;
				CLANG_WARN_BLOCK_CAPTURE_AUTORELEASING = YES;
				CLANG_WARN_BOOL_CONVERSION = YES;
				CLANG_WARN_COMMA = YES;
				CLANG_WARN_CONSTANT_CONVERSION = YES;
				CLANG_WARN_DEPRECATED_OBJC_IMPLEMENTATIONS = YES;
				CLANG_WARN_DIRECT_OBJC_ISA_USAGE = YES_ERROR;
				CLANG_WARN_DOCUMENTATION_COMMENTS = YES;
				CLANG_WARN_EMPTY_BODY = YES;
				CLANG_WARN_ENUM_CONVERSION = YES;
				CLANG_WARN_INFINITE_RECURSION = YES;
				CLANG_WARN_INT_CONVERSION = YES;
				CLANG_WARN_NON_LITERAL_NULL_CONVERSION = YES;
				CLANG_WARN_OBJC_IMPLICIT_RETAIN_SELF = YES;
				CLANG_WARN_OBJC_LITERAL_CONVERSION = YES;
				CLANG_WARN_OBJC_ROOT_CLASS = YES_ERROR;
				CLANG_WARN_RANGE_LOOP_ANALYSIS = YES;
				CLANG_WARN_STRICT_PROTOTYPES = YES;
				CLANG_WARN_SUSPICIOUS_MOVE = YES;
				CLANG_WARN_UNGUARDED_AVAILABILITY = YES_AGGRESSIVE;
				CLANG_WARN_UNREACHABLE_CODE = YES;
				CLANG_WARN__DUPLICATE_METHOD_MATCH = YES;
				COPY_PHASE_STRIP = NO;
				CURRENT_PROJECT_VERSION = 1;
				DEBUG_INFORMATION_FORMAT = dwarf;
				ENABLE_STRICT_OBJC_MSGSEND = YES;
				ENABLE_TESTABILITY = YES;
				GCC_C_LANGUAGE_STANDARD = gnu11;
				GCC_DYNAMIC_NO_PIC = NO;
				GCC_NO_COMMON_BLOCKS = YES;
				GCC_OPTIMIZATION_LEVEL = 0;
				GCC_PREPROCESSOR_DEFINITIONS = (
					"DEBUG=1",
					"$(inherited)",
				);
				GCC_WARN_64_TO_32_BIT_CONVERSION = YES;
				GCC_WARN_ABOUT_RETURN_TYPE = YES_ERROR;
				GCC_WARN_UNDECLARED_SELECTOR = YES;
				GCC_WARN_UNINITIALIZED_AUTOS = YES_AGGRESSIVE;
				GCC_WARN_UNUSED_FUNCTION = YES;
				GCC_WARN_UNUSED_VARIABLE = YES;
				IPHONEOS_DEPLOYMENT_TARGET = 9.3;
				MTL_ENABLE_DEBUG_INFO = INCLUDE_SOURCE;
				MTL_FAST_MATH = YES;
				ONLY_ACTIVE_ARCH = NO;
				SDKROOT = iphoneos;
				SWIFT_ACTIVE_COMPILATION_CONDITIONS = DEBUG;
				SWIFT_OPTIMIZATION_LEVEL = "-Onone";
				VERSIONING_SYSTEM = "apple-generic";
				VERSION_INFO_PREFIX = "";
			};
			name = Debug;
		};
		9BFC1189249270E800AECF6C /* Release */ = {
			isa = XCBuildConfiguration;
			buildSettings = {
				ALWAYS_SEARCH_USER_PATHS = NO;
				CLANG_ANALYZER_NONNULL = YES;
				CLANG_ANALYZER_NUMBER_OBJECT_CONVERSION = YES_AGGRESSIVE;
				CLANG_CXX_LANGUAGE_STANDARD = "gnu++14";
				CLANG_CXX_LIBRARY = "libc++";
				CLANG_ENABLE_MODULES = YES;
				CLANG_ENABLE_OBJC_ARC = YES;
				CLANG_ENABLE_OBJC_WEAK = YES;
				CLANG_WARN_BLOCK_CAPTURE_AUTORELEASING = YES;
				CLANG_WARN_BOOL_CONVERSION = YES;
				CLANG_WARN_COMMA = YES;
				CLANG_WARN_CONSTANT_CONVERSION = YES;
				CLANG_WARN_DEPRECATED_OBJC_IMPLEMENTATIONS = YES;
				CLANG_WARN_DIRECT_OBJC_ISA_USAGE = YES_ERROR;
				CLANG_WARN_DOCUMENTATION_COMMENTS = YES;
				CLANG_WARN_EMPTY_BODY = YES;
				CLANG_WARN_ENUM_CONVERSION = YES;
				CLANG_WARN_INFINITE_RECURSION = YES;
				CLANG_WARN_INT_CONVERSION = YES;
				CLANG_WARN_NON_LITERAL_NULL_CONVERSION = YES;
				CLANG_WARN_OBJC_IMPLICIT_RETAIN_SELF = YES;
				CLANG_WARN_OBJC_LITERAL_CONVERSION = YES;
				CLANG_WARN_OBJC_ROOT_CLASS = YES_ERROR;
				CLANG_WARN_RANGE_LOOP_ANALYSIS = YES;
				CLANG_WARN_STRICT_PROTOTYPES = YES;
				CLANG_WARN_SUSPICIOUS_MOVE = YES;
				CLANG_WARN_UNGUARDED_AVAILABILITY = YES_AGGRESSIVE;
				CLANG_WARN_UNREACHABLE_CODE = YES;
				CLANG_WARN__DUPLICATE_METHOD_MATCH = YES;
				COPY_PHASE_STRIP = NO;
				CURRENT_PROJECT_VERSION = 1;
				DEBUG_INFORMATION_FORMAT = "dwarf-with-dsym";
				ENABLE_NS_ASSERTIONS = NO;
				ENABLE_STRICT_OBJC_MSGSEND = YES;
				GCC_C_LANGUAGE_STANDARD = gnu11;
				GCC_NO_COMMON_BLOCKS = YES;
				GCC_WARN_64_TO_32_BIT_CONVERSION = YES;
				GCC_WARN_ABOUT_RETURN_TYPE = YES_ERROR;
				GCC_WARN_UNDECLARED_SELECTOR = YES;
				GCC_WARN_UNINITIALIZED_AUTOS = YES_AGGRESSIVE;
				GCC_WARN_UNUSED_FUNCTION = YES;
				GCC_WARN_UNUSED_VARIABLE = YES;
				IPHONEOS_DEPLOYMENT_TARGET = 9.3;
				MTL_ENABLE_DEBUG_INFO = NO;
				MTL_FAST_MATH = YES;
				SDKROOT = iphoneos;
				SWIFT_COMPILATION_MODE = wholemodule;
				SWIFT_OPTIMIZATION_LEVEL = "-O";
				VALIDATE_PRODUCT = YES;
				VERSIONING_SYSTEM = "apple-generic";
				VERSION_INFO_PREFIX = "";
			};
			name = Release;
		};
		9BFC118B249270E800AECF6C /* Debug */ = {
			isa = XCBuildConfiguration;
			buildSettings = {
				CODE_SIGN_STYLE = Automatic;
				COMPANY_NAME = com.rootstrap;
				DEFINES_MODULE = YES;
				DEVELOPMENT_TEAM = WNU857N39T;
				DYLIB_COMPATIBILITY_VERSION = 1;
				DYLIB_CURRENT_VERSION = 1;
				DYLIB_INSTALL_NAME_BASE = "@rpath";
				INFOPLIST_FILE = "Supporting Files/Info.plist";
				INSTALL_PATH = "$(LOCAL_LIBRARY_DIR)/Frameworks";
				IPHONEOS_DEPLOYMENT_TARGET = 9.3;
				LD_RUNPATH_SEARCH_PATHS = (
					"$(inherited)",
					"@executable_path/Frameworks",
					"@loader_path/Frameworks",
				);
				LIB_NAME = SwiftGradients;
				MARKETING_VERSION = 1.0.0;
				PRODUCT_BUNDLE_IDENTIFIER = "$(COMPANY_NAME).$(LIB_NAME)";
				PRODUCT_NAME = SwiftGradients;
				SKIP_INSTALL = YES;
				SUPPORTS_MACCATALYST = NO;
				SWIFT_VERSION = 5.0;
				TARGETED_DEVICE_FAMILY = "1,2";
			};
			name = Debug;
		};
		9BFC118C249270E800AECF6C /* Release */ = {
			isa = XCBuildConfiguration;
			buildSettings = {
				CODE_SIGN_STYLE = Automatic;
				COMPANY_NAME = com.rootstrap;
				DEFINES_MODULE = YES;
				DEVELOPMENT_TEAM = WNU857N39T;
				DYLIB_COMPATIBILITY_VERSION = 1;
				DYLIB_CURRENT_VERSION = 1;
				DYLIB_INSTALL_NAME_BASE = "@rpath";
				INFOPLIST_FILE = "Supporting Files/Info.plist";
				INSTALL_PATH = "$(LOCAL_LIBRARY_DIR)/Frameworks";
				IPHONEOS_DEPLOYMENT_TARGET = 9.3;
				LD_RUNPATH_SEARCH_PATHS = (
					"$(inherited)",
					"@executable_path/Frameworks",
					"@loader_path/Frameworks",
				);
				LIB_NAME = SwiftGradients;
				MARKETING_VERSION = 1.0.0;
				PRODUCT_BUNDLE_IDENTIFIER = "$(COMPANY_NAME).$(LIB_NAME)";
				PRODUCT_NAME = SwiftGradients;
				SKIP_INSTALL = YES;
				SUPPORTS_MACCATALYST = NO;
				SWIFT_VERSION = 5.0;
				TARGETED_DEVICE_FAMILY = "1,2";
			};
			name = Release;
		};
/* End XCBuildConfiguration section */

/* Begin XCConfigurationList section */
		9B0A60E924B7566000812410 /* Build configuration list for PBXNativeTarget "SwiftGradientsTests" */ = {
			isa = XCConfigurationList;
			buildConfigurations = (
				9B0A60EA24B7566000812410 /* Debug */,
				9B0A60EB24B7566000812410 /* Release */,
			);
			defaultConfigurationIsVisible = 0;
			defaultConfigurationName = Release;
		};
		9BFC117C249270E800AECF6C /* Build configuration list for PBXProject "SwiftGradients" */ = {
			isa = XCConfigurationList;
			buildConfigurations = (
				9BFC1188249270E800AECF6C /* Debug */,
				9BFC1189249270E800AECF6C /* Release */,
			);
			defaultConfigurationIsVisible = 0;
			defaultConfigurationName = Release;
		};
		9BFC118A249270E800AECF6C /* Build configuration list for PBXNativeTarget "SwiftGradients" */ = {
			isa = XCConfigurationList;
			buildConfigurations = (
				9BFC118B249270E800AECF6C /* Debug */,
				9BFC118C249270E800AECF6C /* Release */,
			);
			defaultConfigurationIsVisible = 0;
			defaultConfigurationName = Release;
		};
/* End XCConfigurationList section */
	};
	rootObject = 9BFC1179249270E800AECF6C /* Project object */;
}
